<?xml version="1.0" encoding="utf-8"?>
<Project ToolsVersion="4.0" xmlns="http://schemas.microsoft.com/developer/msbuild/2003">
  <ItemGroup>
    <Filter Include="Sources">
      <UniqueIdentifier>{8b7ed093-66ce-4096-96d2-fbb9faa4bf52}</UniqueIdentifier>
    </Filter>
    <Filter Include="Sources\Modules">
      <UniqueIdentifier>{7b418be2-1631-4a31-9ef2-8a8b234a7339}</UniqueIdentifier>
    </Filter>
    <Filter Include="Sources\Containers">
      <UniqueIdentifier>{afc36133-f401-499a-aa33-0da1e500fb52}</UniqueIdentifier>
    </Filter>
    <Filter Include="Sources\Tools">
      <UniqueIdentifier>{7e4dfaf7-022c-4f7d-92aa-f3b3fa9d6248}</UniqueIdentifier>
    </Filter>
    <Filter Include="Sources\Helpers">
      <UniqueIdentifier>{121f8e6b-df36-4ab0-be0d-601ddfc9e503}</UniqueIdentifier>
    </Filter>
    <Filter Include="Sources\Modules\Game">
      <UniqueIdentifier>{83f46af7-e02f-40c0-9e56-41d76082527b}</UniqueIdentifier>
    </Filter>
    <Filter Include="libs">
      <UniqueIdentifier>{2f62da3f-c049-440d-a2ff-62f76d37eb4a}</UniqueIdentifier>
    </Filter>
    <Filter Include="Sources\Modules\Game\GameObject">
      <UniqueIdentifier>{0d2e723c-7695-4671-a001-9ff3464e8dee}</UniqueIdentifier>
    </Filter>
    <Filter Include="libs\MathGeoLib">
      <UniqueIdentifier>{3d0839b6-1cb4-4e8e-adb1-ba1779698798}</UniqueIdentifier>
    </Filter>
    <Filter Include="libs\MathGeoLib\Math">
      <UniqueIdentifier>{dcddeaf4-e67a-4e2d-91f3-b737678f6aef}</UniqueIdentifier>
    </Filter>
    <Filter Include="libs\MathGeoLib\Geometry">
      <UniqueIdentifier>{058df101-c800-47f3-aae2-71ff394cb9dd}</UniqueIdentifier>
    </Filter>
    <Filter Include="libs\MathGeoLib\Algorithm">
      <UniqueIdentifier>{2676983f-e9ca-46b7-be7f-d22e4df22513}</UniqueIdentifier>
    </Filter>
    <Filter Include="libs\MathGeoLib\Algorithm\Random">
      <UniqueIdentifier>{3759beaf-53ae-465e-98ab-d68eb654d1da}</UniqueIdentifier>
    </Filter>
    <Filter Include="libs\MathGeoLib\Time">
      <UniqueIdentifier>{fbc62f80-7222-4d8b-a1a3-a53a6e1f1b18}</UniqueIdentifier>
    </Filter>
  </ItemGroup>
  <ItemGroup>
    <ClInclude Include="Source Code\Color.h">
      <Filter>Sources\Containers</Filter>
    </ClInclude>
    <ClInclude Include="Source Code\glmath.h">
      <Filter>Sources\Containers</Filter>
    </ClInclude>
    <ClInclude Include="Source Code\Primitive.h">
      <Filter>Sources\Helpers</Filter>
    </ClInclude>
    <ClInclude Include="Source Code\Light.h">
      <Filter>Sources\Helpers</Filter>
    </ClInclude>
    <ClInclude Include="Source Code\ModuleWindow.h">
      <Filter>Sources\Modules\Game</Filter>
    </ClInclude>
    <ClInclude Include="Source Code\Module.h">
      <Filter>Sources\Modules\Game</Filter>
    </ClInclude>
    <ClInclude Include="Source Code\ModuleCamera3D.h">
      <Filter>Sources\Modules\Game</Filter>
    </ClInclude>
    <ClInclude Include="Source Code\ModuleInput.h">
      <Filter>Sources\Modules\Game</Filter>
    </ClInclude>
    <ClInclude Include="Source Code\ModuleRenderer3D.h">
      <Filter>Sources\Modules\Game</Filter>
    </ClInclude>
    <ClInclude Include="Source Code\ModuleSceneIntro.h">
      <Filter>Sources\Modules\Game</Filter>
    </ClInclude>
    <ClInclude Include="Source Code\Timer.h">
      <Filter>Sources\Tools</Filter>
    </ClInclude>
    <ClInclude Include="Source Code\Application.h">
      <Filter>Sources</Filter>
    </ClInclude>
    <ClInclude Include="Source Code\Globals.h">
      <Filter>Sources</Filter>
    </ClInclude>
    <ClInclude Include="Source Code\Libs\Imgui\imconfig.h">
      <Filter>libs</Filter>
    </ClInclude>
    <ClInclude Include="Source Code\Libs\Imgui\imgui.h">
      <Filter>libs</Filter>
    </ClInclude>
    <ClInclude Include="Source Code\Libs\Imgui\imgui_impl_opengl3.h">
      <Filter>libs</Filter>
    </ClInclude>
    <ClInclude Include="Source Code\Libs\Imgui\imgui_impl_sdl.h">
      <Filter>libs</Filter>
    </ClInclude>
    <ClInclude Include="Source Code\Libs\Imgui\imgui_internal.h">
      <Filter>libs</Filter>
    </ClInclude>
    <ClInclude Include="Source Code\Libs\Imgui\imstb_rectpack.h">
      <Filter>libs</Filter>
    </ClInclude>
    <ClInclude Include="Source Code\Libs\Imgui\imstb_textedit.h">
      <Filter>libs</Filter>
    </ClInclude>
    <ClInclude Include="Source Code\Libs\Imgui\imstb_truetype.h">
      <Filter>libs</Filter>
    </ClInclude>
    <ClInclude Include="Source Code\p2Defs.h">
      <Filter>Sources\Containers</Filter>
    </ClInclude>
    <ClInclude Include="Source Code\ModuleUI.h">
      <Filter>Sources\Modules\Game</Filter>
    </ClInclude>
    <ClInclude Include="Source Code\ModulePrimitives.h">
      <Filter>Sources\Modules\Game</Filter>
    </ClInclude>
    <ClInclude Include="Source Code\Libs\JSON\parson.h">
      <Filter>libs</Filter>
    </ClInclude>
    <ClInclude Include="Source Code\ModuleFBXLoad.h">
      <Filter>Sources\Modules\Game</Filter>
    </ClInclude>
    <ClInclude Include="Source Code\Vec2.h">
      <Filter>Sources\Containers</Filter>
    </ClInclude>
    <ClInclude Include="Source Code\Vector.h">
      <Filter>Sources\Containers</Filter>
    </ClInclude>
    <ClInclude Include="Source Code\ModuleFileSystem.h">
      <Filter>Sources\Modules\Game</Filter>
    </ClInclude>
    <ClInclude Include="Source Code\PathNode.h">
      <Filter>Sources\Helpers</Filter>
    </ClInclude>
    <ClInclude Include="Source Code\Component.h">
      <Filter>Sources\Modules\Game\GameObject</Filter>
    </ClInclude>
    <ClInclude Include="Source Code\Libs\MathGeoLib\include\MathBuildConfig.h">
      <Filter>libs\MathGeoLib</Filter>
    </ClInclude>
    <ClInclude Include="Source Code\Libs\MathGeoLib\include\MathGeoLib.h">
      <Filter>libs\MathGeoLib</Filter>
    </ClInclude>
    <ClInclude Include="Source Code\Libs\MathGeoLib\include\MathGeoLibFwd.h">
      <Filter>libs\MathGeoLib</Filter>
    </ClInclude>
    <ClInclude Include="Source Code\Libs\MathGeoLib\include\Time\Clock.h">
      <Filter>libs\MathGeoLib\Time</Filter>
    </ClInclude>
    <ClInclude Include="Source Code\Libs\MathGeoLib\include\Math\Polynomial.h">
      <Filter>libs\MathGeoLib\Math</Filter>
    </ClInclude>
    <ClInclude Include="Source Code\Libs\MathGeoLib\include\Math\Quat.h">
      <Filter>libs\MathGeoLib\Math</Filter>
    </ClInclude>
    <ClInclude Include="Source Code\Libs\MathGeoLib\include\Math\quat_simd.h">
      <Filter>libs\MathGeoLib\Math</Filter>
    </ClInclude>
    <ClInclude Include="Source Code\Libs\MathGeoLib\include\Math\Rect.h">
      <Filter>libs\MathGeoLib\Math</Filter>
    </ClInclude>
    <ClInclude Include="Source Code\Libs\MathGeoLib\include\Math\Reinterpret.h">
      <Filter>libs\MathGeoLib\Math</Filter>
    </ClInclude>
    <ClInclude Include="Source Code\Libs\MathGeoLib\include\Math\sse_mathfun.h">
      <Filter>libs\MathGeoLib\Math</Filter>
    </ClInclude>
    <ClInclude Include="Source Code\Libs\MathGeoLib\include\Math\SSEMath.h">
      <Filter>libs\MathGeoLib\Math</Filter>
    </ClInclude>
    <ClInclude Include="Source Code\Libs\MathGeoLib\include\Math\TransformOps.h">
      <Filter>libs\MathGeoLib\Math</Filter>
    </ClInclude>
    <ClInclude Include="Source Code\Libs\MathGeoLib\include\Math\assume.h">
      <Filter>libs\MathGeoLib\Math</Filter>
    </ClInclude>
    <ClInclude Include="Source Code\Libs\MathGeoLib\include\Math\BitOps.h">
      <Filter>libs\MathGeoLib\Math</Filter>
    </ClInclude>
    <ClInclude Include="Source Code\Libs\MathGeoLib\include\Math\Complex.h">
      <Filter>libs\MathGeoLib\Math</Filter>
    </ClInclude>
    <ClInclude Include="Source Code\Libs\MathGeoLib\include\Math\CoordinateAxisConvention.h">
      <Filter>libs\MathGeoLib\Math</Filter>
    </ClInclude>
    <ClInclude Include="Source Code\Libs\MathGeoLib\include\Math\FixedPoint.h">
      <Filter>libs\MathGeoLib\Math</Filter>
    </ClInclude>
    <ClInclude Include="Source Code\Libs\MathGeoLib\include\Math\float2.h">
      <Filter>libs\MathGeoLib\Math</Filter>
    </ClInclude>
    <ClInclude Include="Source Code\Libs\MathGeoLib\include\Math\float3.h">
      <Filter>libs\MathGeoLib\Math</Filter>
    </ClInclude>
    <ClInclude Include="Source Code\Libs\MathGeoLib\include\Math\float3x3.h">
      <Filter>libs\MathGeoLib\Math</Filter>
    </ClInclude>
    <ClInclude Include="Source Code\Libs\MathGeoLib\include\Math\float3x4.h">
      <Filter>libs\MathGeoLib\Math</Filter>
    </ClInclude>
    <ClInclude Include="Source Code\Libs\MathGeoLib\include\Math\float4.h">
      <Filter>libs\MathGeoLib\Math</Filter>
    </ClInclude>
    <ClInclude Include="Source Code\Libs\MathGeoLib\include\Math\float4_neon.h">
      <Filter>libs\MathGeoLib\Math</Filter>
    </ClInclude>
    <ClInclude Include="Source Code\Libs\MathGeoLib\include\Math\float4_sse.h">
      <Filter>libs\MathGeoLib\Math</Filter>
    </ClInclude>
    <ClInclude Include="Source Code\Libs\MathGeoLib\include\Math\float4x4.h">
      <Filter>libs\MathGeoLib\Math</Filter>
    </ClInclude>
    <ClInclude Include="Source Code\Libs\MathGeoLib\include\Math\float4x4_neon.h">
      <Filter>libs\MathGeoLib\Math</Filter>
    </ClInclude>
    <ClInclude Include="Source Code\Libs\MathGeoLib\include\Math\float4x4_sse.h">
      <Filter>libs\MathGeoLib\Math</Filter>
    </ClInclude>
    <ClInclude Include="Source Code\Libs\MathGeoLib\include\Math\FloatCmp.h">
      <Filter>libs\MathGeoLib\Math</Filter>
    </ClInclude>
    <ClInclude Include="Source Code\Libs\MathGeoLib\include\Math\MathAll.h">
      <Filter>libs\MathGeoLib\Math</Filter>
    </ClInclude>
    <ClInclude Include="Source Code\Libs\MathGeoLib\include\Math\MathConstants.h">
      <Filter>libs\MathGeoLib\Math</Filter>
    </ClInclude>
    <ClInclude Include="Source Code\Libs\MathGeoLib\include\Math\MathFunc.h">
      <Filter>libs\MathGeoLib\Math</Filter>
    </ClInclude>
    <ClInclude Include="Source Code\Libs\MathGeoLib\include\Math\MathLog.h">
      <Filter>libs\MathGeoLib\Math</Filter>
    </ClInclude>
    <ClInclude Include="Source Code\Libs\MathGeoLib\include\Math\MathNamespace.h">
      <Filter>libs\MathGeoLib\Math</Filter>
    </ClInclude>
    <ClInclude Include="Source Code\Libs\MathGeoLib\include\Math\MathTypes.h">
      <Filter>libs\MathGeoLib\Math</Filter>
    </ClInclude>
    <ClInclude Include="Source Code\Libs\MathGeoLib\include\Math\MatrixProxy.h">
      <Filter>libs\MathGeoLib\Math</Filter>
    </ClInclude>
    <ClInclude Include="Source Code\Libs\MathGeoLib\include\Math\myassert.h">
      <Filter>libs\MathGeoLib\Math</Filter>
    </ClInclude>
    <ClInclude Include="Source Code\Libs\MathGeoLib\include\Geometry\Ray.h">
      <Filter>libs\MathGeoLib\Geometry</Filter>
    </ClInclude>
    <ClInclude Include="Source Code\Libs\MathGeoLib\include\Geometry\Sphere.h">
      <Filter>libs\MathGeoLib\Geometry</Filter>
    </ClInclude>
    <ClInclude Include="Source Code\Libs\MathGeoLib\include\Geometry\Triangle.h">
      <Filter>libs\MathGeoLib\Geometry</Filter>
    </ClInclude>
    <ClInclude Include="Source Code\Libs\MathGeoLib\include\Geometry\TriangleMesh.h">
      <Filter>libs\MathGeoLib\Geometry</Filter>
    </ClInclude>
    <ClInclude Include="Source Code\Libs\MathGeoLib\include\Geometry\AABB.h">
      <Filter>libs\MathGeoLib\Geometry</Filter>
    </ClInclude>
    <ClInclude Include="Source Code\Libs\MathGeoLib\include\Geometry\AABB2D.h">
      <Filter>libs\MathGeoLib\Geometry</Filter>
    </ClInclude>
    <ClInclude Include="Source Code\Libs\MathGeoLib\include\Geometry\Capsule.h">
      <Filter>libs\MathGeoLib\Geometry</Filter>
    </ClInclude>
    <ClInclude Include="Source Code\Libs\MathGeoLib\include\Geometry\Circle.h">
      <Filter>libs\MathGeoLib\Geometry</Filter>
    </ClInclude>
    <ClInclude Include="Source Code\Libs\MathGeoLib\include\Geometry\Cone.h">
      <Filter>libs\MathGeoLib\Geometry</Filter>
    </ClInclude>
    <ClInclude Include="Source Code\Libs\MathGeoLib\include\Geometry\Cylinder.h">
      <Filter>libs\MathGeoLib\Geometry</Filter>
    </ClInclude>
    <ClInclude Include="Source Code\Libs\MathGeoLib\include\Geometry\Frustum.h">
      <Filter>libs\MathGeoLib\Geometry</Filter>
    </ClInclude>
    <ClInclude Include="Source Code\Libs\MathGeoLib\include\Geometry\GeometryAll.h">
      <Filter>libs\MathGeoLib\Geometry</Filter>
    </ClInclude>
    <ClInclude Include="Source Code\Libs\MathGeoLib\include\Geometry\GeomType.h">
      <Filter>libs\MathGeoLib\Geometry</Filter>
    </ClInclude>
    <ClInclude Include="Source Code\Libs\MathGeoLib\include\Geometry\HitInfo.h">
      <Filter>libs\MathGeoLib\Geometry</Filter>
    </ClInclude>
    <ClInclude Include="Source Code\Libs\MathGeoLib\include\Geometry\KDTree.h">
      <Filter>libs\MathGeoLib\Geometry</Filter>
    </ClInclude>
    <ClInclude Include="Source Code\Libs\MathGeoLib\include\Geometry\Line.h">
      <Filter>libs\MathGeoLib\Geometry</Filter>
    </ClInclude>
    <ClInclude Include="Source Code\Libs\MathGeoLib\include\Geometry\LineSegment.h">
      <Filter>libs\MathGeoLib\Geometry</Filter>
    </ClInclude>
    <ClInclude Include="Source Code\Libs\MathGeoLib\include\Geometry\OBB.h">
      <Filter>libs\MathGeoLib\Geometry</Filter>
    </ClInclude>
    <ClInclude Include="Source Code\Libs\MathGeoLib\include\Geometry\PBVolume.h">
      <Filter>libs\MathGeoLib\Geometry</Filter>
    </ClInclude>
    <ClInclude Include="Source Code\Libs\MathGeoLib\include\Geometry\Plane.h">
      <Filter>libs\MathGeoLib\Geometry</Filter>
    </ClInclude>
    <ClInclude Include="Source Code\Libs\MathGeoLib\include\Geometry\Polygon.h">
      <Filter>libs\MathGeoLib\Geometry</Filter>
    </ClInclude>
    <ClInclude Include="Source Code\Libs\MathGeoLib\include\Geometry\Polyhedron.h">
      <Filter>libs\MathGeoLib\Geometry</Filter>
    </ClInclude>
    <ClInclude Include="Source Code\Libs\MathGeoLib\include\Geometry\QuadTree.h">
      <Filter>libs\MathGeoLib\Geometry</Filter>
    </ClInclude>
    <ClInclude Include="Source Code\Libs\MathGeoLib\include\Algorithm\Random\LCG.h">
      <Filter>libs\MathGeoLib\Algorithm\Random</Filter>
    </ClInclude>
    <ClInclude Include="Source Code\GameObject.h">
      <Filter>Sources\Modules\Game\GameObject</Filter>
    </ClInclude>
    <ClInclude Include="Source Code\ModuleResources.h">
      <Filter>Sources\Modules\Game\GameObject</Filter>
    </ClInclude>
    <ClInclude Include="Source Code\ModuleSerialization.h">
      <Filter>Sources\Modules\Game\GameObject</Filter>
    </ClInclude>
    <ClInclude Include="Source Code\Libs\Imgui\ImGuizmo.h">
      <Filter>libs</Filter>
    </ClInclude>
  </ItemGroup>
  <ItemGroup>
    <ClCompile Include="Source Code\Color.cpp">
      <Filter>Sources\Containers</Filter>
    </ClCompile>
    <ClCompile Include="Source Code\glmath.cpp">
      <Filter>Sources\Containers</Filter>
    </ClCompile>
    <ClCompile Include="Source Code\Light.cpp">
      <Filter>Sources\Helpers</Filter>
    </ClCompile>
    <ClCompile Include="Source Code\Primitive.cpp">
      <Filter>Sources\Helpers</Filter>
    </ClCompile>
    <ClCompile Include="Source Code\ModuleCamera3D.cpp">
      <Filter>Sources\Modules\Game</Filter>
    </ClCompile>
    <ClCompile Include="Source Code\ModuleInput.cpp">
      <Filter>Sources\Modules\Game</Filter>
    </ClCompile>
    <ClCompile Include="Source Code\ModuleRenderer3D.cpp">
      <Filter>Sources\Modules\Game</Filter>
    </ClCompile>
    <ClCompile Include="Source Code\ModuleSceneIntro.cpp">
      <Filter>Sources\Modules\Game</Filter>
    </ClCompile>
    <ClCompile Include="Source Code\ModuleWindow.cpp">
      <Filter>Sources\Modules\Game</Filter>
    </ClCompile>
    <ClCompile Include="Source Code\log.cpp">
      <Filter>Sources\Tools</Filter>
    </ClCompile>
    <ClCompile Include="Source Code\Timer.cpp">
      <Filter>Sources\Tools</Filter>
    </ClCompile>
    <ClCompile Include="Source Code\Main.cpp">
      <Filter>Sources</Filter>
    </ClCompile>
    <ClCompile Include="Source Code\Application.cpp">
      <Filter>Sources</Filter>
    </ClCompile>
    <ClCompile Include="Source Code\Libs\Imgui\imgui.cpp">
      <Filter>libs</Filter>
    </ClCompile>
    <ClCompile Include="Source Code\Libs\Imgui\imgui_demo.cpp">
      <Filter>libs</Filter>
    </ClCompile>
    <ClCompile Include="Source Code\Libs\Imgui\imgui_draw.cpp">
      <Filter>libs</Filter>
    </ClCompile>
    <ClCompile Include="Source Code\Libs\Imgui\imgui_impl_opengl3.cpp">
      <Filter>libs</Filter>
    </ClCompile>
    <ClCompile Include="Source Code\Libs\Imgui\imgui_impl_sdl.cpp">
      <Filter>libs</Filter>
    </ClCompile>
    <ClCompile Include="Source Code\Libs\Imgui\imgui_widgets.cpp">
      <Filter>libs</Filter>
    </ClCompile>
    <ClCompile Include="Source Code\ModuleUI.cpp">
      <Filter>Sources\Modules\Game</Filter>
    </ClCompile>
    <ClCompile Include="Source Code\ModulePrimitives.cpp">
      <Filter>Sources\Modules\Game</Filter>
    </ClCompile>
    <ClCompile Include="Source Code\Libs\JSON\parson.c">
      <Filter>libs</Filter>
    </ClCompile>
    <ClCompile Include="Source Code\ModuleFBXLoad.cpp">
      <Filter>Sources\Modules\Game</Filter>
    </ClCompile>
    <ClCompile Include="Source Code\Vec2.cpp">
      <Filter>Sources\Containers</Filter>
    </ClCompile>
    <ClCompile Include="Source Code\ModuleFileSystem.cpp">
      <Filter>Sources\Modules\Game</Filter>
    </ClCompile>
    <ClCompile Include="Source Code\Component.cpp">
      <Filter>Sources\Modules\Game\GameObject</Filter>
    </ClCompile>
    <ClCompile Include="Source Code\Libs\MathGeoLib\include\Time\Clock.cpp">
      <Filter>libs\MathGeoLib\Time</Filter>
    </ClCompile>
    <ClCompile Include="Source Code\Libs\MathGeoLib\include\Math\Polynomial.cpp">
      <Filter>libs\MathGeoLib\Math</Filter>
    </ClCompile>
    <ClCompile Include="Source Code\Libs\MathGeoLib\include\Math\Quat.cpp">
      <Filter>libs\MathGeoLib\Math</Filter>
    </ClCompile>
    <ClCompile Include="Source Code\Libs\MathGeoLib\include\Math\SSEMath.cpp">
      <Filter>libs\MathGeoLib\Math</Filter>
    </ClCompile>
    <ClCompile Include="Source Code\Libs\MathGeoLib\include\Math\TransformOps.cpp">
      <Filter>libs\MathGeoLib\Math</Filter>
    </ClCompile>
    <ClCompile Include="Source Code\Libs\MathGeoLib\include\Math\BitOps.cpp">
      <Filter>libs\MathGeoLib\Math</Filter>
    </ClCompile>
    <ClCompile Include="Source Code\Libs\MathGeoLib\include\Math\float2.cpp">
      <Filter>libs\MathGeoLib\Math</Filter>
    </ClCompile>
    <ClCompile Include="Source Code\Libs\MathGeoLib\include\Math\float3.cpp">
      <Filter>libs\MathGeoLib\Math</Filter>
    </ClCompile>
    <ClCompile Include="Source Code\Libs\MathGeoLib\include\Math\float3x3.cpp">
      <Filter>libs\MathGeoLib\Math</Filter>
    </ClCompile>
    <ClCompile Include="Source Code\Libs\MathGeoLib\include\Math\float3x4.cpp">
      <Filter>libs\MathGeoLib\Math</Filter>
    </ClCompile>
    <ClCompile Include="Source Code\Libs\MathGeoLib\include\Math\float4.cpp">
      <Filter>libs\MathGeoLib\Math</Filter>
    </ClCompile>
    <ClCompile Include="Source Code\Libs\MathGeoLib\include\Math\float4x4.cpp">
      <Filter>libs\MathGeoLib\Math</Filter>
    </ClCompile>
    <ClCompile Include="Source Code\Libs\MathGeoLib\include\Math\MathFunc.cpp">
      <Filter>libs\MathGeoLib\Math</Filter>
    </ClCompile>
    <ClCompile Include="Source Code\Libs\MathGeoLib\include\Math\MathLog.cpp">
      <Filter>libs\MathGeoLib\Math</Filter>
    </ClCompile>
    <ClCompile Include="Source Code\Libs\MathGeoLib\include\Math\MathOps.cpp">
      <Filter>libs\MathGeoLib\Math</Filter>
    </ClCompile>
    <ClCompile Include="Source Code\Libs\MathGeoLib\include\Geometry\Ray.cpp">
      <Filter>libs\MathGeoLib\Geometry</Filter>
    </ClCompile>
    <ClCompile Include="Source Code\Libs\MathGeoLib\include\Geometry\Sphere.cpp">
      <Filter>libs\MathGeoLib\Geometry</Filter>
    </ClCompile>
    <ClCompile Include="Source Code\Libs\MathGeoLib\include\Geometry\Triangle.cpp">
      <Filter>libs\MathGeoLib\Geometry</Filter>
    </ClCompile>
    <ClCompile Include="Source Code\Libs\MathGeoLib\include\Geometry\TriangleMesh.cpp">
      <Filter>libs\MathGeoLib\Geometry</Filter>
    </ClCompile>
    <ClCompile Include="Source Code\Libs\MathGeoLib\include\Geometry\AABB.cpp">
      <Filter>libs\MathGeoLib\Geometry</Filter>
    </ClCompile>
    <ClCompile Include="Source Code\Libs\MathGeoLib\include\Geometry\Capsule.cpp">
      <Filter>libs\MathGeoLib\Geometry</Filter>
    </ClCompile>
    <ClCompile Include="Source Code\Libs\MathGeoLib\include\Geometry\Circle.cpp">
      <Filter>libs\MathGeoLib\Geometry</Filter>
    </ClCompile>
    <ClCompile Include="Source Code\Libs\MathGeoLib\include\Geometry\Cone.cpp">
      <Filter>libs\MathGeoLib\Geometry</Filter>
    </ClCompile>
    <ClCompile Include="Source Code\Libs\MathGeoLib\include\Geometry\Cylinder.cpp">
      <Filter>libs\MathGeoLib\Geometry</Filter>
    </ClCompile>
    <ClCompile Include="Source Code\Libs\MathGeoLib\include\Geometry\Frustum.cpp">
      <Filter>libs\MathGeoLib\Geometry</Filter>
    </ClCompile>
    <ClCompile Include="Source Code\Libs\MathGeoLib\include\Geometry\Line.cpp">
      <Filter>libs\MathGeoLib\Geometry</Filter>
    </ClCompile>
    <ClCompile Include="Source Code\Libs\MathGeoLib\include\Geometry\LineSegment.cpp">
      <Filter>libs\MathGeoLib\Geometry</Filter>
    </ClCompile>
    <ClCompile Include="Source Code\Libs\MathGeoLib\include\Geometry\OBB.cpp">
      <Filter>libs\MathGeoLib\Geometry</Filter>
    </ClCompile>
    <ClCompile Include="Source Code\Libs\MathGeoLib\include\Geometry\Plane.cpp">
      <Filter>libs\MathGeoLib\Geometry</Filter>
    </ClCompile>
    <ClCompile Include="Source Code\Libs\MathGeoLib\include\Geometry\Polygon.cpp">
      <Filter>libs\MathGeoLib\Geometry</Filter>
    </ClCompile>
    <ClCompile Include="Source Code\Libs\MathGeoLib\include\Geometry\Polyhedron.cpp">
      <Filter>libs\MathGeoLib\Geometry</Filter>
    </ClCompile>
    <ClCompile Include="Source Code\Libs\MathGeoLib\include\Algorithm\Random\LCG.cpp">
      <Filter>libs\MathGeoLib\Algorithm\Random</Filter>
    </ClCompile>
    <ClCompile Include="Source Code\GameObject.cpp">
      <Filter>Sources\Modules\Game\GameObject</Filter>
    </ClCompile>
    <ClCompile Include="Source Code\ModuleResources.cpp">
      <Filter>Sources\Modules\Game\GameObject</Filter>
    </ClCompile>
    <ClCompile Include="Source Code\ModuleSerialization.cpp">
      <Filter>Sources\Modules\Game\GameObject</Filter>
    </ClCompile>
    <ClCompile Include="Source Code\Libs\Imgui\ImGuizmo.cpp">
      <Filter>libs</Filter>
    </ClCompile>
  </ItemGroup>
  <ItemGroup>
    <None Include="Source Code\Libs\MathGeoLib\include\Math\Matrix.inl">
      <Filter>libs\MathGeoLib\Math</Filter>
    </None>
    <None Include="Source Code\Libs\MathGeoLib\include\Geometry\QuadTree.inl">
      <Filter>libs\MathGeoLib\Geometry</Filter>
    </None>
    <None Include="Source Code\Libs\MathGeoLib\include\Geometry\TriangleMesh_IntersectRay_AVX.inl">
      <Filter>libs\MathGeoLib\Geometry</Filter>
    </None>
    <None Include="Source Code\Libs\MathGeoLib\include\Geometry\TriangleMesh_IntersectRay_CPP.inl">
      <Filter>libs\MathGeoLib\Geometry</Filter>
    </None>
    <None Include="Source Code\Libs\MathGeoLib\include\Geometry\TriangleMesh_IntersectRay_SSE.inl">
      <Filter>libs\MathGeoLib\Geometry</Filter>
    </None>
    <None Include="Source Code\Libs\MathGeoLib\include\Geometry\KDTree.inl">
      <Filter>libs\MathGeoLib\Geometry</Filter>
    </None>
  </ItemGroup>
</Project>